<?xml version="1.0" encoding="utf-8"?>
<Project ToolsVersion="4.0" xmlns="http://schemas.microsoft.com/developer/msbuild/2003">
  <ItemGroup>
    <Filter Include="Source Files">
      <UniqueIdentifier>{1a8abed4-1609-466f-8a48-b3fecc164412}</UniqueIdentifier>
      <Extensions>cpp;c;cxx;rc;def;r;odl;idl;hpj;bat</Extensions>
    </Filter>
    <Filter Include="Header Files">
      <UniqueIdentifier>{0efec7b9-fe30-481d-88d1-ad08c439f8b1}</UniqueIdentifier>
      <Extensions>h;hpp;hxx;hm;inl</Extensions>
    </Filter>
  </ItemGroup>
  <ItemGroup>
    <ClCompile Include="ILcDB.cpp">
      <Filter>Source Files</Filter>
    </ClCompile>
    <ClCompile Include="LcDB.cpp">
      <Filter>Source Files</Filter>
    </ClCompile>
    <ClCompile Include="LcOdbc.cpp">
      <Filter>Source Files</Filter>
    </ClCompile>
    <ClCompile Include="LcOledb.cpp">
      <Filter>Source Files</Filter>
    </ClCompile>
  </ItemGroup>
  <ItemGroup>
    <ClInclude Include="ILcDB.h">
      <Filter>Header Files</Filter>
    </ClInclude>
    <ClInclude Include="LcDB.h">
      <Filter>Header Files</Filter>
    </ClInclude>
    <ClInclude Include="LcOdbc.h">
      <Filter>Header Files</Filter>
    </ClInclude>
    <ClInclude Include="LcOledb.h">
      <Filter>Header Files</Filter>
    </ClInclude>
  </ItemGroup>
</Project>